github.com/aws/aws-sdk-go-v2 v1.17.3/go.mod h1:uzbQtefpm44goOPmdKyAlXSNcwlRgF3ePWVW6EtJvvw=
github.com/aws/aws-sdk-go-v2 v1.26.0 h1:/Ce4OCiM3EkpW7Y+xUnfAFpchU78K7/Ug01sZni9PgA=
github.com/aws/aws-sdk-go-v2 v1.26.0/go.mod h1:35hUlJVYd+M++iLI3ALmVwMOyRYMmRqUXpTtRGW+K9I=
github.com/aws/aws-sdk-go-v2/aws/protocol/eventstream v1.4.10 h1:dK82zF6kkPeCo8J1e+tGx4JdvDIQzj7ygIoLg8WMuGs=
github.com/aws/aws-sdk-go-v2/aws/protocol/eventstream v1.4.10/go.mod h1:VeTZetY5KRJLuD/7fkQXMU6Mw7H5m/KP2J5Iy9osMno=
github.com/aws/aws-sdk-go-v2/config v1.18.5/go.mod h1:0g4tGVHeUTxekZIkO5Glw2AemETlmnkQvFqkdv3HBAA=
github.com/aws/aws-sdk-go-v2/config v1.27.9 h1:gRx/NwpNEFSk+yQlgmk1bmxxvQ5TyJ76CWXs9XScTqg=
github.com/aws/aws-sdk-go-v2/config v1.27.9/go.mod h1:dK1FQfpwpql83kbD873E9vz4FyAxuJtR22wzoXn3qq0=
github.com/aws/aws-sdk-go-v2/credentials v1.13.5/go.mod h1:sS/NgdbdkQ6XhVkGY/yEmNwxzpRVxLT3Ns+42W37p6g=
github.com/aws/aws-sdk-go-v2/credentials v1.17.9 h1:N8s0/7yW+h8qR8WaRlPQeJ6czVMNQVNtNdUqf6cItao=
github.com/aws/aws-sdk-go-v2/credentials v1.17.9/go.mod h1:446YhIdmSV0Jf/SLafGZalQo+xr2iw7/fzXGDPTU1yQ=
github.com/aws/aws-sdk-go-v2/feature/ec2/imds v1.12.21/go.mod h1:ugwW57Z5Z48bpvUyZuaPy4Kv+vEfJWnIrky7RmkBvJg=
github.com/aws/aws-sdk-go-v2/feature/ec2/imds v1.16.0 h1:af5YzcLf80tv4Em4jWVD75lpnOHSBkPUZxZfGkrI3HI=
github.com/aws/aws-sdk-go-v2/feature/ec2/imds v1.16.0/go.mod h1:nQ3how7DMnFMWiU1SpECohgC82fpn4cKZ875NDMmwtA=
github.com/aws/aws-sdk-go-v2/feature/s3/manager v1.11.44 h1:BXBHQeRh4fGFiiMZZd/WI/aAPwjhUCrWDhRDbuOZPIM=
github.com/aws/aws-sdk-go-v2/feature/s3/manager v1.11.44/go.mod h1:yFjq/63PmWzfzHk66kMsouDqS/ilrjFKWu269GWE6iw=
github.com/aws/aws-sdk-go-v2/internal/configsources v1.1.27/go.mod h1:a1/UpzeyBBerajpnP5nGZa9mGzsBn5cOKxm6NWQsvoI=
github.com/aws/aws-sdk-go-v2/internal/configsources v1.3.4 h1:0ScVK/4qZ8CIW0k8jOeFVsyS/sAiXpYxRBLolMkuLQM=
github.com/aws/aws-sdk-go-v2/internal/configsources v1.3.4/go.mod h1:84KyjNZdHC6QZW08nfHI6yZgPd+qRgaWcYsyLUo3QY8=
github.com/aws/aws-sdk-go-v2/internal/endpoints/v2 v2.4.21/go.mod h1:+Gxn8jYn5k9ebfHEqlhrMirFjSW0v0C9fI+KN5vk2kE=
github.com/aws/aws-sdk-go-v2/internal/endpoints/v2 v2.6.4 h1:sHmMWWX5E7guWEFQ9SVo6A3S4xpPrWnd77a6y4WM6PU=
github.com/aws/aws-sdk-go-v2/internal/endpoints/v2 v2.6.4/go.mod h1:WjpDrhWisWOIoS9n3nk67A3Ll1vfULJ9Kq6h29HTD48=
github.com/aws/aws-sdk-go-v2/internal/ini v1.3.28/go.mod h1:yRZVr/iT0AqyHeep00SZ4YfBAKojXz08w3XMBscdi0c=
github.com/aws/aws-sdk-go-v2/internal/ini v1.8.0 h1:hT8rVHwugYE2lEfdFE0QWVo81lF7jMrYJVDWI+f+VxU=
github.com/aws/aws-sdk-go-v2/internal/ini v1.8.0/go.mod h1:8tu/lYfQfFe6IGnaOdrpVgEL2IrrDOf6/m9RQum4NkY=
github.com/aws/aws-sdk-go-v2/internal/v4a v1.0.18 h1:H/mF2LNWwX00lD6FlYfKpLLZgUW7oIzCBkig78x4Xok=
github.com/aws/aws-sdk-go-v2/internal/v4a v1.0.18/go.mod h1:T2Ku+STrYQ1zIkL1wMvj8P3wWQaaCMKNdz70MT2FLfE=
github.com/aws/aws-sdk-go-v2/service/internal/accept-encoding v1.9.11/go.mod h1:iV4q2hsqtNECrfmlXyord9u4zyuFEJX9eLgLpSPzWA8=
github.com/aws/aws-sdk-go-v2/service/internal/accept-encoding v1.11.1 h1:EyBZibRTVAs6ECHZOw5/wlylS9OcTzwyjeQMudmREjE=
github.com/aws/aws-sdk-go-v2/service/internal/accept-encoding v1.11.1/go.mod h1:JKpmtYhhPs7D97NL/ltqz7yCkERFW5dOlHyVl66ZYF8=
github.com/aws/aws-sdk-go-v2/service/internal/checksum v1.1.22 h1:kv5vRAl00tozRxSnI0IszPWGXsJOyA7hmEUHFYqsyvw=
github.com/aws/aws-sdk-go-v2/service/internal/checksum v1.1.22/go.mod h1:Od+GU5+Yx41gryN/ZGZzAJMZ9R1yn6lgA0fD5Lo5SkQ=
github.com/aws/aws-sdk-go-v2/service/internal/presigned-url v1.9.21/go.mod h1:lRToEJsn+DRA9lW4O9L9+/3hjTkUzlzyzHqn8MTds5k=
github.com/aws/aws-sdk-go-v2/service/internal/presigned-url v1.11.6 h1:b+E7zIUHMmcB4Dckjpkapoy47W6C9QBv/zoUP+Hn8Kc=
github.com/aws/aws-sdk-go-v2/service/internal/presigned-url v1.11.6/go.mod h1:S2fNV0rxrP78NhPbCZeQgY8H9jdDMeGtwcfZIRxzBqU=
github.com/aws/aws-sdk-go-v2/service/internal/s3shared v1.13.21 h1:vY5siRXvW5TrOKm2qKEf9tliBfdLxdfy0i02LOcmqUo=
github.com/aws/aws-sdk-go-v2/service/internal/s3shared v1.13.21/go.mod h1:WZvNXT1XuH8dnJM0HvOlvk+RNn7NbAPvA/ACO0QarSc=
github.com/aws/aws-sdk-go-v2/service/s3 v1.29.6/go.mod h1:L2l2/q76teehcW7YEsgsDjqdsDTERJeX3nOMIFlgGUE=
github.com/aws/aws-sdk-go-v2/service/s3 v1.30.0 h1:wddsyuESfviaiXk3w9N6/4iRwTg/a3gktjODY6jYQBo=
github.com/aws/aws-sdk-go-v2/service/s3 v1.30.0/go.mod h1:L2l2/q76teehcW7YEsgsDjqdsDTERJeX3nOMIFlgGUE=
github.com/aws/aws-sdk-go-v2/service/sso v1.11.27/go.mod h1:wo/B7uUm/7zw/dWhBJ4FXuw1sySU5lyIhVg1Bu2yL9A=
github.com/aws/aws-sdk-go-v2/service/sso v1.20.3 h1:mnbuWHOcM70/OFUlZZ5rcdfA8PflGXXiefU/O+1S3+8=
github.com/aws/aws-sdk-go-v2/service/sso v1.20.3/go.mod h1:5HFu51Elk+4oRBZVxmHrSds5jFXmFj8C3w7DVF2gnrs=
github.com/aws/aws-sdk-go-v2/service/ssooidc v1.13.10/go.mod h1:TZSH7xLO7+phDtViY/KUp9WGCJMQkLJ/VpgkTFd5gh8=
github.com/aws/aws-sdk-go-v2/service/ssooidc v1.23.3 h1:uLq0BKatTmDzWa/Nu4WO0M1AaQDaPpwTKAeByEc6WFM=
github.com/aws/aws-sdk-go-v2/service/ssooidc v1.23.3/go.mod h1:b+qdhjnxj8GSR6t5YfphOffeoQSQ1KmpoVVuBn+PWxs=
github.com/aws/aws-sdk-go-v2/service/sts v1.17.7/go.mod h1:+lGbb3+1ugwKrNTWcf2RT05Xmp543B06zDFTwiTLp7I=
github.com/aws/aws-sdk-go-v2/service/sts v1.28.5 h1:J/PpTf/hllOjx8Xu9DMflff3FajfLxqM5+tepvVXmxg=
github.com/aws/aws-sdk-go-v2/service/sts v1.28.5/go.mod h1:0ih0Z83YDH/QeQ6Ori2yGE2XvWYv/Xm+cZc01LC6oK0=
github.com/aws/smithy-go v1.13.5/go.mod h1:Tg+OJXh4MB2R/uN61Ko2f6hTZwB/ZYGOtib8J3gBHzA=
github.com/aws/smithy-go v1.20.1 h1:4SZlSlMr36UEqC7XOyRVb27XMeZubNcBNN+9IgEPIQw=
github.com/aws/smithy-go v1.20.1/go.mod h1:krry+ya/rV9RDcV/Q16kpu6ypI4K2czasz0NC3qS14E=
github.com/davecgh/go-spew v1.1.0 h1:ZDRjVQ15GmhC3fiQ8ni8+OwkZQO4DARzQgrnXU1Liz8=
github.com/davecgh/go-spew v1.1.0/go.mod h1:J7Y8YcW2NihsgmVo/mv3lAwl/skON4iLHjSsI+c5H38=
github.com/google/go-cmp v0.5.8 h1:e6P7q2lk1O+qJJb4BtCQXlK8vWEO8V1ZeuEdJNOqZyg=
github.com/google/go-cmp v0.5.8/go.mod h1:17dUlkBOakJ0+DkrSSNjCkIjxS6bF9zb3elmeNGIjoY=
github.com/jmespath/go-jmespath v0.4.0 h1:BEgLn5cpjn8UN1mAw4NjwDrS35OdebyEtFe+9YPoQUg=
github.com/jmespath/go-jmespath v0.4.0/go.mod h1:T8mJZnbsbmF+m6zOOFylbeCJqk5+pHWvzYPziyZiYoo=
github.com/jmespath/go-jmespath/internal/testify v1.5.1 h1:shLQSRRSCCPj3f2gpwzGwWFoC7ycTf1rcQZHOlsJ6N8=
github.com/jmespath/go-jmespath/internal/testify v1.5.1/go.mod h1:L3OGu8Wl2/fWfCI6z80xFu9LTZmf1ZRjMHUOPmWr69U=
github.com/pmezard/go-difflib v1.0.0 h1:4DBwDE0NGyQoBHbLQYPwSUPoCMWR5BEzIk/f1lZbAQM=
github.com/pmezard/go-difflib v1.0.0/go.mod h1:iKH77koFhYxTK1pcRnkKkqfTogsbg7gZNVY4sRDYZ/4=
github.com/stretchr/objx v0.1.0/go.mod h1:HFkY916IF+rwdDfMAkV7OtwuqBVzrE8GR6GFx+wExME=
gopkg.in/check.v1 v0.0.0-20161208181325-20d25e280405/go.mod h1:Co6ibVJAznAaIkqp8huTwlJQCZ016jof/cbN4VW5Yz0=
gopkg.in/yaml.v2 v2.2.8 h1:obN1ZagJSUGI0Ek/LBmuj4SNLPfIny3KsKFopxRdj10=
gopkg.in/yaml.v2 v2.2.8/go.mod h1:hI93XBmqTisBFMUTm0b8Fm+jr3Dg1NNxqwp+5A1VGuI=
